
Microsoft Visual Studio Solution File, Format Version 12.00
# Visual Studio 15
VisualStudioVersion = 15.0.27004.2002
MinimumVisualStudioVersion = 10.0.40219.1
Project("{FAE04EC0-301F-11D3-BF4B-00C04F79EFBC}") = "Spike.SDK.General", "Spike.SDK.General\Spike.SDK.General.csproj", "{1135FCC8-63ED-4421-9FE3-3A4E855278ED}"
EndProject
Project("{FAE04EC0-301F-11D3-BF4B-00C04F79EFBC}") = "Spike.SDK.Parser", "Spike.SDK.Parser\Spike.SDK.Parser.csproj", "{FD492663-ACF6-46BA-9619-277857347347}"
EndProject
Project("{FAE04EC0-301F-11D3-BF4B-00C04F79EFBC}") = "Spike.SDK.FileMonitor", "Spike.SDK.FileMonitor\Spike.SDK.FileMonitor.csproj", "{69C414FA-1BBA-482C-8A10-46ECB55A86C9}"
EndProject
Global
	GlobalSection(SolutionConfigurationPlatforms) = preSolution
		Debug|Any CPU = Debug|Any CPU
		Release|Any CPU = Release|Any CPU
	EndGlobalSection
	GlobalSection(ProjectConfigurationPlatforms) = postSolution
		{1135FCC8-63ED-4421-9FE3-3A4E855278ED}.Debug|Any CPU.ActiveCfg = Debug|Any CPU
		{1135FCC8-63ED-4421-9FE3-3A4E855278ED}.Debug|Any CPU.Build.0 = Debug|Any CPU
		{1135FCC8-63ED-4421-9FE3-3A4E855278ED}.Release|Any CPU.ActiveCfg = Release|Any CPU
		{1135FCC8-63ED-4421-9FE3-3A4E855278ED}.Release|Any CPU.Build.0 = Release|Any CPU
		{FD492663-ACF6-46BA-9619-277857347347}.Debug|Any CPU.ActiveCfg = Debug|Any CPU
		{FD492663-ACF6-46BA-9619-277857347347}.Debug|Any CPU.Build.0 = Debug|Any CPU
		{FD492663-ACF6-46BA-9619-277857347347}.Release|Any CPU.ActiveCfg = Release|Any CPU
		{FD492663-ACF6-46BA-9619-277857347347}.Release|Any CPU.Build.0 = Release|Any CPU
		{69C414FA-1BBA-482C-8A10-46ECB55A86C9}.Debug|Any CPU.ActiveCfg = Debug|Any CPU
		{69C414FA-1BBA-482C-8A10-46ECB55A86C9}.Debug|Any CPU.Build.0 = Debug|Any CPU
		{69C414FA-1BBA-482C-8A10-46ECB55A86C9}.Release|Any CPU.ActiveCfg = Release|Any CPU
		{69C414FA-1BBA-482C-8A10-46ECB55A86C9}.Release|Any CPU.Build.0 = Release|Any CPU
	EndGlobalSection
	GlobalSection(SolutionProperties) = preSolution
		HideSolutionNode = FALSE
	EndGlobalSection
	GlobalSection(ExtensibilityGlobals) = postSolution
		SolutionGuid = {E247C411-CEA7-4A3C-A9C3-0819F5504B0A}
	EndGlobalSection
EndGlobal
